
Microsoft Visual Studio Solution File, Format Version 12.00
# Visual Studio Version 17
VisualStudioVersion = 17.2.32526.322
MinimumVisualStudioVersion = 10.0.40219.1
Project("{FAE04EC0-301F-11D3-BF4B-00C04F79EFBC}") = "PrintPDF", "PrintPDF\PrintPDF.csproj", "{B19892D0-3972-46B5-8EC3-0DAFA8F2CF53}"
EndProject
Global
	GlobalSection(SolutionConfigurationPlatforms) = preSolution
		Debug|Any CPU = Debug|Any CPU
		Release|Any CPU = Release|Any CPU
	EndGlobalSection
	GlobalSection(ProjectConfigurationPlatforms) = postSolution
		{B19892D0-3972-46B5-8EC3-0DAFA8F2CF53}.Debug|Any CPU.ActiveCfg = Debug|Any CPU
		{B19892D0-3972-46B5-8EC3-0DAFA8F2CF53}.Debug|Any CPU.Build.0 = Debug|Any CPU
		{B19892D0-3972-46B5-8EC3-0DAFA8F2CF53}.Release|Any CPU.ActiveCfg = Release|Any CPU
		{B19892D0-3972-46B5-8EC3-0DAFA8F2CF53}.Release|Any CPU.Build.0 = Release|Any CPU
	EndGlobalSection
	GlobalSection(SolutionProperties) = preSolution
		HideSolutionNode = FALSE
	EndGlobalSection
	GlobalSection(ExtensibilityGlobals) = postSolution
		SolutionGuid = {52FAFF36-0AE0-4DD8-B8A7-0A10E6167558}
	EndGlobalSection
EndGlobal
